
Microsoft Visual Studio Solution File, Format Version 12.00
# Visual Studio Version 17
VisualStudioVersion = 17.0.31903.59
MinimumVisualStudioVersion = 10.0.40219.1
Project("{FAE04EC0-301F-11D3-BF4B-00C04F79EFBC}") = "GlassLewisWebAPI", "GlassLewisWebAPI\GlassLewisWebAPI.csproj", "{096D7EC2-0A4D-4D5C-A384-A53E1AF13992}"
EndProject
Project("{FAE04EC0-301F-11D3-BF4B-00C04F79EFBC}") = "GlassLewisWebAPI.UnitTests", "GlassLewisWebAPI.UnitTests\GlassLewisWebAPI.UnitTests.csproj", "{BCC03CAC-340C-4605-A501-077E4996F373}"
EndProject
Global
	GlobalSection(SolutionConfigurationPlatforms) = preSolution
		Debug|Any CPU = Debug|Any CPU
		Release|Any CPU = Release|Any CPU
	EndGlobalSection
	GlobalSection(SolutionProperties) = preSolution
		HideSolutionNode = FALSE
	EndGlobalSection
	GlobalSection(ProjectConfigurationPlatforms) = postSolution
		{096D7EC2-0A4D-4D5C-A384-A53E1AF13992}.Debug|Any CPU.ActiveCfg = Debug|Any CPU
		{096D7EC2-0A4D-4D5C-A384-A53E1AF13992}.Debug|Any CPU.Build.0 = Debug|Any CPU
		{096D7EC2-0A4D-4D5C-A384-A53E1AF13992}.Release|Any CPU.ActiveCfg = Release|Any CPU
		{096D7EC2-0A4D-4D5C-A384-A53E1AF13992}.Release|Any CPU.Build.0 = Release|Any CPU
		{BCC03CAC-340C-4605-A501-077E4996F373}.Debug|Any CPU.ActiveCfg = Debug|Any CPU
		{BCC03CAC-340C-4605-A501-077E4996F373}.Debug|Any CPU.Build.0 = Debug|Any CPU
		{BCC03CAC-340C-4605-A501-077E4996F373}.Release|Any CPU.ActiveCfg = Release|Any CPU
		{BCC03CAC-340C-4605-A501-077E4996F373}.Release|Any CPU.Build.0 = Release|Any CPU
	EndGlobalSection
EndGlobal
